
Microsoft Visual Studio Solution File, Format Version 12.00
# Visual Studio Version 17
VisualStudioVersion = 17.2.32526.322
MinimumVisualStudioVersion = 10.0.40219.1
Project("{FAE04EC0-301F-11D3-BF4B-00C04F79EFBC}") = "BallGamesWinFormsApp", "BallGamesWinFormsApp\BallGamesWinFormsApp.csproj", "{82D5F564-2111-489D-A4F2-99BFE203F098}"
EndProject
Global
	GlobalSection(SolutionConfigurationPlatforms) = preSolution
		Debug|Any CPU = Debug|Any CPU
		Release|Any CPU = Release|Any CPU
	EndGlobalSection
	GlobalSection(ProjectConfigurationPlatforms) = postSolution
		{82D5F564-2111-489D-A4F2-99BFE203F098}.Debug|Any CPU.ActiveCfg = Debug|Any CPU
		{82D5F564-2111-489D-A4F2-99BFE203F098}.Debug|Any CPU.Build.0 = Debug|Any CPU
		{82D5F564-2111-489D-A4F2-99BFE203F098}.Release|Any CPU.ActiveCfg = Release|Any CPU
		{82D5F564-2111-489D-A4F2-99BFE203F098}.Release|Any CPU.Build.0 = Release|Any CPU
	EndGlobalSection
	GlobalSection(SolutionProperties) = preSolution
		HideSolutionNode = FALSE
	EndGlobalSection
	GlobalSection(ExtensibilityGlobals) = postSolution
		SolutionGuid = {8FB68DD2-A52C-444A-9C9B-D623E3764D84}
	EndGlobalSection
EndGlobal
